// !$*UTF8*$!
{
	archiveVersion = 1;
	classes = {
	};
	objectVersion = 46;
	objects = {

/* Begin PBXBuildFile section */
		0C05AA07E87910B20781BEA5 /* Pods_ahoogen_firebase.framework in Frameworks */ = {isa = PBXBuildFile; fileRef = BB906BA60C3E1AC2F7A9F856 /* Pods_ahoogen_firebase.framework */; };
		191ABB5B1C746D8800A8A2DF /* DataService.swift in Sources */ = {isa = PBXBuildFile; fileRef = 191ABB5A1C746D8800A8A2DF /* DataService.swift */; };
		19754F5E1C7444E100AD1EE0 /* AppDelegate.swift in Sources */ = {isa = PBXBuildFile; fileRef = 19754F5D1C7444E100AD1EE0 /* AppDelegate.swift */; };
		19754F601C7444E100AD1EE0 /* ViewController.swift in Sources */ = {isa = PBXBuildFile; fileRef = 19754F5F1C7444E100AD1EE0 /* ViewController.swift */; };
		19754F631C7444E100AD1EE0 /* Main.storyboard in Resources */ = {isa = PBXBuildFile; fileRef = 19754F611C7444E100AD1EE0 /* Main.storyboard */; };
		19754F651C7444E100AD1EE0 /* Assets.xcassets in Resources */ = {isa = PBXBuildFile; fileRef = 19754F641C7444E100AD1EE0 /* Assets.xcassets */; };
		19754F681C7444E100AD1EE0 /* LaunchScreen.storyboard in Resources */ = {isa = PBXBuildFile; fileRef = 19754F661C7444E100AD1EE0 /* LaunchScreen.storyboard */; };
		19754F741C74450300AD1EE0 /* NotoSans-Bold.ttf in Resources */ = {isa = PBXBuildFile; fileRef = 19754F701C74450300AD1EE0 /* NotoSans-Bold.ttf */; };
		19754F751C74450300AD1EE0 /* NotoSans-BoldItalic.ttf in Resources */ = {isa = PBXBuildFile; fileRef = 19754F711C74450300AD1EE0 /* NotoSans-BoldItalic.ttf */; };
		19754F761C74450300AD1EE0 /* NotoSans-Italic.ttf in Resources */ = {isa = PBXBuildFile; fileRef = 19754F721C74450300AD1EE0 /* NotoSans-Italic.ttf */; };
		19754F771C74450300AD1EE0 /* NotoSans-Regular.ttf in Resources */ = {isa = PBXBuildFile; fileRef = 19754F731C74450300AD1EE0 /* NotoSans-Regular.ttf */; };
		19754F7C1C74487700AD1EE0 /* MaterialView.swift in Sources */ = {isa = PBXBuildFile; fileRef = 19754F7B1C74487700AD1EE0 /* MaterialView.swift */; };
		19754F7F1C7448BC00AD1EE0 /* Contsants.swift in Sources */ = {isa = PBXBuildFile; fileRef = 19754F7E1C7448BC00AD1EE0 /* Contsants.swift */; };
		19754F811C744DF300AD1EE0 /* MaterialButton.swift in Sources */ = {isa = PBXBuildFile; fileRef = 19754F801C744DF300AD1EE0 /* MaterialButton.swift */; };
		19754F831C7451D900AD1EE0 /* MaterialTextField.swift in Sources */ = {isa = PBXBuildFile; fileRef = 19754F821C7451D900AD1EE0 /* MaterialTextField.swift */; };
		19754F881C745A3400AD1EE0 /* Bolts.framework in Frameworks */ = {isa = PBXBuildFile; fileRef = 19754F851C745A3400AD1EE0 /* Bolts.framework */; };
		19754F891C745A3400AD1EE0 /* FBSDKCoreKit.framework in Frameworks */ = {isa = PBXBuildFile; fileRef = 19754F861C745A3400AD1EE0 /* FBSDKCoreKit.framework */; };
		19754F8A1C745A3400AD1EE0 /* FBSDKLoginKit.framework in Frameworks */ = {isa = PBXBuildFile; fileRef = 19754F871C745A3400AD1EE0 /* FBSDKLoginKit.framework */; };
		19A026B51C748F880024A8FE /* FeedVC.swift in Sources */ = {isa = PBXBuildFile; fileRef = 19A026B41C748F880024A8FE /* FeedVC.swift */; };
		19A026B71C7490960024A8FE /* PostCell.swift in Sources */ = {isa = PBXBuildFile; fileRef = 19A026B61C7490960024A8FE /* PostCell.swift */; };
		19A026B91C75640D0024A8FE /* Post.swift in Sources */ = {isa = PBXBuildFile; fileRef = 19A026B81C75640D0024A8FE /* Post.swift */; };
/* End PBXBuildFile section */

/* Begin PBXFileReference section */
		191ABB5A1C746D8800A8A2DF /* DataService.swift */ = {isa = PBXFileReference; fileEncoding = 4; lastKnownFileType = sourcecode.swift; path = DataService.swift; sourceTree = "<group>"; };
		19754F5A1C7444E100AD1EE0 /* ahoogen-firebase.app */ = {isa = PBXFileReference; explicitFileType = wrapper.application; includeInIndex = 0; path = "ahoogen-firebase.app"; sourceTree = BUILT_PRODUCTS_DIR; };
		19754F5D1C7444E100AD1EE0 /* AppDelegate.swift */ = {isa = PBXFileReference; lastKnownFileType = sourcecode.swift; path = AppDelegate.swift; sourceTree = "<group>"; };
		19754F5F1C7444E100AD1EE0 /* ViewController.swift */ = {isa = PBXFileReference; lastKnownFileType = sourcecode.swift; path = ViewController.swift; sourceTree = "<group>"; };
		19754F621C7444E100AD1EE0 /* Base */ = {isa = PBXFileReference; lastKnownFileType = file.storyboard; name = Base; path = Base.lproj/Main.storyboard; sourceTree = "<group>"; };
		19754F641C7444E100AD1EE0 /* Assets.xcassets */ = {isa = PBXFileReference; lastKnownFileType = folder.assetcatalog; path = Assets.xcassets; sourceTree = "<group>"; };
		19754F671C7444E100AD1EE0 /* Base */ = {isa = PBXFileReference; lastKnownFileType = file.storyboard; name = Base; path = Base.lproj/LaunchScreen.storyboard; sourceTree = "<group>"; };
		19754F691C7444E100AD1EE0 /* Info.plist */ = {isa = PBXFileReference; lastKnownFileType = text.plist.xml; path = Info.plist; sourceTree = "<group>"; };
		19754F701C74450300AD1EE0 /* NotoSans-Bold.ttf */ = {isa = PBXFileReference; lastKnownFileType = file; path = "NotoSans-Bold.ttf"; sourceTree = "<group>"; };
		19754F711C74450300AD1EE0 /* NotoSans-BoldItalic.ttf */ = {isa = PBXFileReference; lastKnownFileType = file; path = "NotoSans-BoldItalic.ttf"; sourceTree = "<group>"; };
		19754F721C74450300AD1EE0 /* NotoSans-Italic.ttf */ = {isa = PBXFileReference; lastKnownFileType = file; path = "NotoSans-Italic.ttf"; sourceTree = "<group>"; };
		19754F731C74450300AD1EE0 /* NotoSans-Regular.ttf */ = {isa = PBXFileReference; lastKnownFileType = file; path = "NotoSans-Regular.ttf"; sourceTree = "<group>"; };
		19754F7B1C74487700AD1EE0 /* MaterialView.swift */ = {isa = PBXFileReference; fileEncoding = 4; lastKnownFileType = sourcecode.swift; path = MaterialView.swift; sourceTree = "<group>"; };
		19754F7E1C7448BC00AD1EE0 /* Contsants.swift */ = {isa = PBXFileReference; fileEncoding = 4; lastKnownFileType = sourcecode.swift; path = Contsants.swift; sourceTree = "<group>"; };
		19754F801C744DF300AD1EE0 /* MaterialButton.swift */ = {isa = PBXFileReference; fileEncoding = 4; lastKnownFileType = sourcecode.swift; path = MaterialButton.swift; sourceTree = "<group>"; };
		19754F821C7451D900AD1EE0 /* MaterialTextField.swift */ = {isa = PBXFileReference; fileEncoding = 4; lastKnownFileType = sourcecode.swift; path = MaterialTextField.swift; sourceTree = "<group>"; };
		19754F851C745A3400AD1EE0 /* Bolts.framework */ = {isa = PBXFileReference; lastKnownFileType = wrapper.framework; path = Bolts.framework; sourceTree = "<group>"; };
		19754F861C745A3400AD1EE0 /* FBSDKCoreKit.framework */ = {isa = PBXFileReference; lastKnownFileType = wrapper.framework; path = FBSDKCoreKit.framework; sourceTree = "<group>"; };
		19754F871C745A3400AD1EE0 /* FBSDKLoginKit.framework */ = {isa = PBXFileReference; lastKnownFileType = wrapper.framework; path = FBSDKLoginKit.framework; sourceTree = "<group>"; };
		19A026B41C748F880024A8FE /* FeedVC.swift */ = {isa = PBXFileReference; fileEncoding = 4; lastKnownFileType = sourcecode.swift; path = FeedVC.swift; sourceTree = "<group>"; };
		19A026B61C7490960024A8FE /* PostCell.swift */ = {isa = PBXFileReference; fileEncoding = 4; lastKnownFileType = sourcecode.swift; path = PostCell.swift; sourceTree = "<group>"; };
		19A026B81C75640D0024A8FE /* Post.swift */ = {isa = PBXFileReference; fileEncoding = 4; lastKnownFileType = sourcecode.swift; path = Post.swift; sourceTree = "<group>"; };
		629947DE380A4E84B45757CB /* Pods-ahoogen-firebase.release.xcconfig */ = {isa = PBXFileReference; includeInIndex = 1; lastKnownFileType = text.xcconfig; name = "Pods-ahoogen-firebase.release.xcconfig"; path = "Pods/Target Support Files/Pods-ahoogen-firebase/Pods-ahoogen-firebase.release.xcconfig"; sourceTree = "<group>"; };
		A124A32B3E4C4E13B1265588 /* Pods-ahoogen-firebase.debug.xcconfig */ = {isa = PBXFileReference; includeInIndex = 1; lastKnownFileType = text.xcconfig; name = "Pods-ahoogen-firebase.debug.xcconfig"; path = "Pods/Target Support Files/Pods-ahoogen-firebase/Pods-ahoogen-firebase.debug.xcconfig"; sourceTree = "<group>"; };
		BB906BA60C3E1AC2F7A9F856 /* Pods_ahoogen_firebase.framework */ = {isa = PBXFileReference; explicitFileType = wrapper.framework; includeInIndex = 0; path = Pods_ahoogen_firebase.framework; sourceTree = BUILT_PRODUCTS_DIR; };
/* End PBXFileReference section */

/* Begin PBXFrameworksBuildPhase section */
		19754F571C7444E100AD1EE0 /* Frameworks */ = {
			isa = PBXFrameworksBuildPhase;
			buildActionMask = 2147483647;
			files = (
				19754F881C745A3400AD1EE0 /* Bolts.framework in Frameworks */,
				19754F891C745A3400AD1EE0 /* FBSDKCoreKit.framework in Frameworks */,
				19754F8A1C745A3400AD1EE0 /* FBSDKLoginKit.framework in Frameworks */,
				0C05AA07E87910B20781BEA5 /* Pods_ahoogen_firebase.framework in Frameworks */,
			);
			runOnlyForDeploymentPostprocessing = 0;
		};
/* End PBXFrameworksBuildPhase section */

/* Begin PBXGroup section */
		191ABB591C746D7A00A8A2DF /* Services */ = {
			isa = PBXGroup;
			children = (
				191ABB5A1C746D8800A8A2DF /* DataService.swift */,
			);
			name = Services;
			sourceTree = "<group>";
		};
		19754F511C7444E100AD1EE0 = {
			isa = PBXGroup;
			children = (
				19754F5C1C7444E100AD1EE0 /* ahoogen-firebase */,
				19754F5B1C7444E100AD1EE0 /* Products */,
				D6E85FE2C18619F70E6693B7 /* Pods */,
				476763035C13AC22FEA0C921 /* Frameworks */,
			);
			sourceTree = "<group>";
		};
		19754F5B1C7444E100AD1EE0 /* Products */ = {
			isa = PBXGroup;
			children = (
				19754F5A1C7444E100AD1EE0 /* ahoogen-firebase.app */,
			);
			name = Products;
			sourceTree = "<group>";
		};
		19754F5C1C7444E100AD1EE0 /* ahoogen-firebase */ = {
			isa = PBXGroup;
			children = (
				191ABB591C746D7A00A8A2DF /* Services */,
				19754F841C745A0100AD1EE0 /* Frameworks */,
				19754F7D1C7448AF00AD1EE0 /* Util */,
				19754F7A1C74451F00AD1EE0 /* Model */,
				19754F791C74451A00AD1EE0 /* View */,
				19754F781C74451400AD1EE0 /* Controller */,
				19754F6F1C7444EE00AD1EE0 /* Resources */,
				19754F5D1C7444E100AD1EE0 /* AppDelegate.swift */,
				19754F641C7444E100AD1EE0 /* Assets.xcassets */,
				19754F691C7444E100AD1EE0 /* Info.plist */,
			);
			path = "ahoogen-firebase";
			sourceTree = "<group>";
		};
		19754F6F1C7444EE00AD1EE0 /* Resources */ = {
			isa = PBXGroup;
			children = (
				19754F701C74450300AD1EE0 /* NotoSans-Bold.ttf */,
				19754F711C74450300AD1EE0 /* NotoSans-BoldItalic.ttf */,
				19754F721C74450300AD1EE0 /* NotoSans-Italic.ttf */,
				19754F731C74450300AD1EE0 /* NotoSans-Regular.ttf */,
			);
			name = Resources;
			sourceTree = "<group>";
		};
		19754F781C74451400AD1EE0 /* Controller */ = {
			isa = PBXGroup;
			children = (
				19754F5F1C7444E100AD1EE0 /* ViewController.swift */,
				19A026B41C748F880024A8FE /* FeedVC.swift */,
			);
			name = Controller;
			sourceTree = "<group>";
		};
		19754F791C74451A00AD1EE0 /* View */ = {
			isa = PBXGroup;
			children = (
				19754F661C7444E100AD1EE0 /* LaunchScreen.storyboard */,
				19754F611C7444E100AD1EE0 /* Main.storyboard */,
				19754F7B1C74487700AD1EE0 /* MaterialView.swift */,
				19754F801C744DF300AD1EE0 /* MaterialButton.swift */,
				19754F821C7451D900AD1EE0 /* MaterialTextField.swift */,
				19A026B61C7490960024A8FE /* PostCell.swift */,
			);
			name = View;
			sourceTree = "<group>";
		};
		19754F7A1C74451F00AD1EE0 /* Model */ = {
			isa = PBXGroup;
			children = (
				19A026B81C75640D0024A8FE /* Post.swift */,
			);
			name = Model;
			sourceTree = "<group>";
		};
		19754F7D1C7448AF00AD1EE0 /* Util */ = {
			isa = PBXGroup;
			children = (
				19754F7E1C7448BC00AD1EE0 /* Contsants.swift */,
			);
			name = Util;
			sourceTree = "<group>";
		};
		19754F841C745A0100AD1EE0 /* Frameworks */ = {
			isa = PBXGroup;
			children = (
				19754F851C745A3400AD1EE0 /* Bolts.framework */,
				19754F861C745A3400AD1EE0 /* FBSDKCoreKit.framework */,
				19754F871C745A3400AD1EE0 /* FBSDKLoginKit.framework */,
			);
			name = Frameworks;
			sourceTree = "<group>";
		};
		476763035C13AC22FEA0C921 /* Frameworks */ = {
			isa = PBXGroup;
			children = (
				BB906BA60C3E1AC2F7A9F856 /* Pods_ahoogen_firebase.framework */,
			);
			name = Frameworks;
			sourceTree = "<group>";
		};
		D6E85FE2C18619F70E6693B7 /* Pods */ = {
			isa = PBXGroup;
			children = (
				A124A32B3E4C4E13B1265588 /* Pods-ahoogen-firebase.debug.xcconfig */,
				629947DE380A4E84B45757CB /* Pods-ahoogen-firebase.release.xcconfig */,
			);
			name = Pods;
			sourceTree = "<group>";
		};
/* End PBXGroup section */

/* Begin PBXNativeTarget section */
		19754F591C7444E100AD1EE0 /* ahoogen-firebase */ = {
			isa = PBXNativeTarget;
			buildConfigurationList = 19754F6C1C7444E100AD1EE0 /* Build configuration list for PBXNativeTarget "ahoogen-firebase" */;
			buildPhases = (
				9218DACF834B827AAA077ECD /* Check Pods Manifest.lock */,
				19754F561C7444E100AD1EE0 /* Sources */,
				19754F571C7444E100AD1EE0 /* Frameworks */,
				19754F581C7444E100AD1EE0 /* Resources */,
				1B70D01A8B4D5A5DBF757F46 /* Embed Pods Frameworks */,
				13E5F37E98D0DD0DDD0080ED /* Copy Pods Resources */,
			);
			buildRules = (
			);
			dependencies = (
			);
			name = "ahoogen-firebase";
			productName = "ahoogen-firebase";
			productReference = 19754F5A1C7444E100AD1EE0 /* ahoogen-firebase.app */;
			productType = "com.apple.product-type.application";
		};
/* End PBXNativeTarget section */

/* Begin PBXProject section */
		19754F521C7444E100AD1EE0 /* Project object */ = {
			isa = PBXProject;
			attributes = {
				LastSwiftUpdateCheck = 0720;
				LastUpgradeCheck = 0720;
				ORGANIZATIONNAME = "Austen Hoogen";
				TargetAttributes = {
					19754F591C7444E100AD1EE0 = {
						CreatedOnToolsVersion = 7.2.1;
						DevelopmentTeam = 6X9MR4D2AJ;
					};
				};
			};
			buildConfigurationList = 19754F551C7444E100AD1EE0 /* Build configuration list for PBXProject "ahoogen-firebase" */;
			compatibilityVersion = "Xcode 3.2";
			developmentRegion = English;
			hasScannedForEncodings = 0;
			knownRegions = (
				en,
				Base,
			);
			mainGroup = 19754F511C7444E100AD1EE0;
			productRefGroup = 19754F5B1C7444E100AD1EE0 /* Products */;
			projectDirPath = "";
			projectRoot = "";
			targets = (
				19754F591C7444E100AD1EE0 /* ahoogen-firebase */,
			);
		};
/* End PBXProject section */

/* Begin PBXResourcesBuildPhase section */
		19754F581C7444E100AD1EE0 /* Resources */ = {
			isa = PBXResourcesBuildPhase;
			buildActionMask = 2147483647;
			files = (
				19754F741C74450300AD1EE0 /* NotoSans-Bold.ttf in Resources */,
				19754F681C7444E100AD1EE0 /* LaunchScreen.storyboard in Resources */,
				19754F751C74450300AD1EE0 /* NotoSans-BoldItalic.ttf in Resources */,
				19754F761C74450300AD1EE0 /* NotoSans-Italic.ttf in Resources */,
				19754F651C7444E100AD1EE0 /* Assets.xcassets in Resources */,
				19754F631C7444E100AD1EE0 /* Main.storyboard in Resources */,
				19754F771C74450300AD1EE0 /* NotoSans-Regular.ttf in Resources */,
			);
			runOnlyForDeploymentPostprocessing = 0;
		};
/* End PBXResourcesBuildPhase section */

/* Begin PBXShellScriptBuildPhase section */
		13E5F37E98D0DD0DDD0080ED /* Copy Pods Resources */ = {
			isa = PBXShellScriptBuildPhase;
			buildActionMask = 2147483647;
			files = (
			);
			inputPaths = (
			);
			name = "Copy Pods Resources";
			outputPaths = (
			);
			runOnlyForDeploymentPostprocessing = 0;
			shellPath = /bin/sh;
			shellScript = "\"${SRCROOT}/Pods/Target Support Files/Pods-ahoogen-firebase/Pods-ahoogen-firebase-resources.sh\"\n";
			showEnvVarsInLog = 0;
		};
		1B70D01A8B4D5A5DBF757F46 /* Embed Pods Frameworks */ = {
			isa = PBXShellScriptBuildPhase;
			buildActionMask = 2147483647;
			files = (
			);
			inputPaths = (
			);
			name = "Embed Pods Frameworks";
			outputPaths = (
			);
			runOnlyForDeploymentPostprocessing = 0;
			shellPath = /bin/sh;
			shellScript = "\"${SRCROOT}/Pods/Target Support Files/Pods-ahoogen-firebase/Pods-ahoogen-firebase-frameworks.sh\"\n";
			showEnvVarsInLog = 0;
		};
		9218DACF834B827AAA077ECD /* Check Pods Manifest.lock */ = {
			isa = PBXShellScriptBuildPhase;
			buildActionMask = 2147483647;
			files = (
			);
			inputPaths = (
			);
			name = "Check Pods Manifest.lock";
			outputPaths = (
			);
			runOnlyForDeploymentPostprocessing = 0;
			shellPath = /bin/sh;
			shellScript = "diff \"${PODS_ROOT}/../Podfile.lock\" \"${PODS_ROOT}/Manifest.lock\" > /dev/null\nif [[ $? != 0 ]] ; then\n    cat << EOM\nerror: The sandbox is not in sync with the Podfile.lock. Run 'pod install' or update your CocoaPods installation.\nEOM\n    exit 1\nfi\n";
			showEnvVarsInLog = 0;
		};
/* End PBXShellScriptBuildPhase section */

/* Begin PBXSourcesBuildPhase section */
		19754F561C7444E100AD1EE0 /* Sources */ = {
			isa = PBXSourcesBuildPhase;
			buildActionMask = 2147483647;
			files = (
				19A026B51C748F880024A8FE /* FeedVC.swift in Sources */,
				19754F831C7451D900AD1EE0 /* MaterialTextField.swift in Sources */,
				191ABB5B1C746D8800A8A2DF /* DataService.swift in Sources */,
				19754F7C1C74487700AD1EE0 /* MaterialView.swift in Sources */,
				19754F601C7444E100AD1EE0 /* ViewController.swift in Sources */,
				19A026B71C7490960024A8FE /* PostCell.swift in Sources */,
				19754F5E1C7444E100AD1EE0 /* AppDelegate.swift in Sources */,
				19754F7F1C7448BC00AD1EE0 /* Contsants.swift in Sources */,
				19754F811C744DF300AD1EE0 /* MaterialButton.swift in Sources */,
				19A026B91C75640D0024A8FE /* Post.swift in Sources */,
			);
			runOnlyForDeploymentPostprocessing = 0;
		};
/* End PBXSourcesBuildPhase section */

/* Begin PBXVariantGroup section */
		19754F611C7444E100AD1EE0 /* Main.storyboard */ = {
			isa = PBXVariantGroup;
			children = (
				19754F621C7444E100AD1EE0 /* Base */,
			);
			name = Main.storyboard;
			sourceTree = "<group>";
		};
		19754F661C7444E100AD1EE0 /* LaunchScreen.storyboard */ = {
			isa = PBXVariantGroup;
			children = (
				19754F671C7444E100AD1EE0 /* Base */,
			);
			name = LaunchScreen.storyboard;
			sourceTree = "<group>";
		};
/* End PBXVariantGroup section */

/* Begin XCBuildConfiguration section */
		19754F6A1C7444E100AD1EE0 /* Debug */ = {
			isa = XCBuildConfiguration;
			buildSettings = {
				ALWAYS_SEARCH_USER_PATHS = NO;
				CLANG_CXX_LANGUAGE_STANDARD = "gnu++0x";
				CLANG_CXX_LIBRARY = "libc++";
				CLANG_ENABLE_MODULES = YES;
				CLANG_ENABLE_OBJC_ARC = YES;
				CLANG_WARN_BOOL_CONVERSION = YES;
				CLANG_WARN_CONSTANT_CONVERSION = YES;
				CLANG_WARN_DIRECT_OBJC_ISA_USAGE = YES_ERROR;
				CLANG_WARN_EMPTY_BODY = YES;
				CLANG_WARN_ENUM_CONVERSION = YES;
				CLANG_WARN_INT_CONVERSION = YES;
				CLANG_WARN_OBJC_ROOT_CLASS = YES_ERROR;
				CLANG_WARN_UNREACHABLE_CODE = YES;
				CLANG_WARN__DUPLICATE_METHOD_MATCH = YES;
				"CODE_SIGN_IDENTITY[sdk=iphoneos*]" = "iPhone Developer";
				COPY_PHASE_STRIP = NO;
				DEBUG_INFORMATION_FORMAT = dwarf;
				ENABLE_STRICT_OBJC_MSGSEND = YES;
				ENABLE_TESTABILITY = YES;
				GCC_C_LANGUAGE_STANDARD = gnu99;
				GCC_DYNAMIC_NO_PIC = NO;
				GCC_NO_COMMON_BLOCKS = YES;
				GCC_OPTIMIZATION_LEVEL = 0;
				GCC_PREPROCESSOR_DEFINITIONS = (
					"DEBUG=1",
					"$(inherited)",
				);
				GCC_WARN_64_TO_32_BIT_CONVERSION = YES;
				GCC_WARN_ABOUT_RETURN_TYPE = YES_ERROR;
				GCC_WARN_UNDECLARED_SELECTOR = YES;
				GCC_WARN_UNINITIALIZED_AUTOS = YES_AGGRESSIVE;
				GCC_WARN_UNUSED_FUNCTION = YES;
				GCC_WARN_UNUSED_VARIABLE = YES;
				IPHONEOS_DEPLOYMENT_TARGET = 9.2;
				MTL_ENABLE_DEBUG_INFO = YES;
				ONLY_ACTIVE_ARCH = YES;
				SDKROOT = iphoneos;
				SWIFT_OPTIMIZATION_LEVEL = "-Onone";
				TARGETED_DEVICE_FAMILY = "1,2";
			};
			name = Debug;
		};
		19754F6B1C7444E100AD1EE0 /* Release */ = {
			isa = XCBuildConfiguration;
			buildSettings = {
				ALWAYS_SEARCH_USER_PATHS = NO;
				CLANG_CXX_LANGUAGE_STANDARD = "gnu++0x";
				CLANG_CXX_LIBRARY = "libc++";
				CLANG_ENABLE_MODULES = YES;
				CLANG_ENABLE_OBJC_ARC = YES;
				CLANG_WARN_BOOL_CONVERSION = YES;
				CLANG_WARN_CONSTANT_CONVERSION = YES;
				CLANG_WARN_DIRECT_OBJC_ISA_USAGE = YES_ERROR;
				CLANG_WARN_EMPTY_BODY = YES;
				CLANG_WARN_ENUM_CONVERSION = YES;
				CLANG_WARN_INT_CONVERSION = YES;
				CLANG_WARN_OBJC_ROOT_CLASS = YES_ERROR;
				CLANG_WARN_UNREACHABLE_CODE = YES;
				CLANG_WARN__DUPLICATE_METHOD_MATCH = YES;
				"CODE_SIGN_IDENTITY[sdk=iphoneos*]" = "iPhone Developer";
				COPY_PHASE_STRIP = NO;
				DEBUG_INFORMATION_FORMAT = "dwarf-with-dsym";
				ENABLE_NS_ASSERTIONS = NO;
				ENABLE_STRICT_OBJC_MSGSEND = YES;
				GCC_C_LANGUAGE_STANDARD = gnu99;
				GCC_NO_COMMON_BLOCKS = YES;
				GCC_WARN_64_TO_32_BIT_CONVERSION = YES;
				GCC_WARN_ABOUT_RETURN_TYPE = YES_ERROR;
				GCC_WARN_UNDECLARED_SELECTOR = YES;
				GCC_WARN_UNINITIALIZED_AUTOS = YES_AGGRESSIVE;
				GCC_WARN_UNUSED_FUNCTION = YES;
				GCC_WARN_UNUSED_VARIABLE = YES;
				IPHONEOS_DEPLOYMENT_TARGET = 9.2;
				MTL_ENABLE_DEBUG_INFO = NO;
				SDKROOT = iphoneos;
				TARGETED_DEVICE_FAMILY = "1,2";
				VALIDATE_PRODUCT = YES;
			};
			name = Release;
		};
		19754F6D1C7444E100AD1EE0 /* Debug */ = {
			isa = XCBuildConfiguration;
			baseConfigurationReference = A124A32B3E4C4E13B1265588 /* Pods-ahoogen-firebase.debug.xcconfig */;
			buildSettings = {
				ASSETCATALOG_COMPILER_APPICON_NAME = AppIcon;
				CODE_SIGN_IDENTITY = "iPhone Developer";
				"CODE_SIGN_IDENTITY[sdk=iphoneos*]" = "iPhone Developer";
				FRAMEWORK_SEARCH_PATHS = (
					"$(inherited)",
					"$(PROJECT_DIR)/ahoogen-firebase",
				);
				INFOPLIST_FILE = "ahoogen-firebase/Info.plist";
				LD_RUNPATH_SEARCH_PATHS = "$(inherited) @executable_path/Frameworks";
				PRODUCT_BUNDLE_IDENTIFIER = "com.therombrewing.ahoogen-firebase";
				PRODUCT_NAME = "$(TARGET_NAME)";
				PROVISIONING_PROFILE = "";
			};
			name = Debug;
		};
		19754F6E1C7444E100AD1EE0 /* Release */ = {
			isa = XCBuildConfiguration;
			baseConfigurationReference = 629947DE380A4E84B45757CB /* Pods-ahoogen-firebase.release.xcconfig */;
			buildSettings = {
				ASSETCATALOG_COMPILER_APPICON_NAME = AppIcon;
				CODE_SIGN_IDENTITY = "iPhone Developer";
				"CODE_SIGN_IDENTITY[sdk=iphoneos*]" = "iPhone Developer";
				FRAMEWORK_SEARCH_PATHS = (
					"$(inherited)",
					"$(PROJECT_DIR)/ahoogen-firebase",
				);
				INFOPLIST_FILE = "ahoogen-firebase/Info.plist";
				LD_RUNPATH_SEARCH_PATHS = "$(inherited) @executable_path/Frameworks";
				PRODUCT_BUNDLE_IDENTIFIER = "com.therombrewing.ahoogen-firebase";
				PRODUCT_NAME = "$(TARGET_NAME)";
				PROVISIONING_PROFILE = "";
			};
			name = Release;
		};
/* End XCBuildConfiguration section */

/* Begin XCConfigurationList section */
		19754F551C7444E100AD1EE0 /* Build configuration list for PBXProject "ahoogen-firebase" */ = {
			isa = XCConfigurationList;
			buildConfigurations = (
				19754F6A1C7444E100AD1EE0 /* Debug */,
				19754F6B1C7444E100AD1EE0 /* Release */,
			);
			defaultConfigurationIsVisible = 0;
			defaultConfigurationName = Release;
		};
		19754F6C1C7444E100AD1EE0 /* Build configuration list for PBXNativeTarget "ahoogen-firebase" */ = {
			isa = XCConfigurationList;
			buildConfigurations = (
				19754F6D1C7444E100AD1EE0 /* Debug */,
				19754F6E1C7444E100AD1EE0 /* Release */,
			);
			defaultConfigurationIsVisible = 0;
			defaultConfigurationName = Release;
		};
/* End XCConfigurationList section */
	};
	rootObject = 19754F521C7444E100AD1EE0 /* Project object */;
}
