// !$*UTF8*$!
{
	archiveVersion = 1;
	classes = {
	};
	objectVersion = 46;
	objects = {

/* Begin PBXBuildFile section */
		19754F5E1C7444E100AD1EE0 /* AppDelegate.swift in Sources */ = {isa = PBXBuildFile; fileRef = 19754F5D1C7444E100AD1EE0 /* AppDelegate.swift */; };
		19754F601C7444E100AD1EE0 /* ViewController.swift in Sources */ = {isa = PBXBuildFile; fileRef = 19754F5F1C7444E100AD1EE0 /* ViewController.swift */; };
		19754F631C7444E100AD1EE0 /* Main.storyboard in Resources */ = {isa = PBXBuildFile; fileRef = 19754F611C7444E100AD1EE0 /* Main.storyboard */; };
		19754F651C7444E100AD1EE0 /* Assets.xcassets in Resources */ = {isa = PBXBuildFile; fileRef = 19754F641C7444E100AD1EE0 /* Assets.xcassets */; };
		19754F681C7444E100AD1EE0 /* LaunchScreen.storyboard in Resources */ = {isa = PBXBuildFile; fileRef = 19754F661C7444E100AD1EE0 /* LaunchScreen.storyboard */; };
/* End PBXBuildFile section */

/* Begin PBXFileReference section */
		19754F5A1C7444E100AD1EE0 /* ahoogen-firebase.app */ = {isa = PBXFileReference; explicitFileType = wrapper.application; includeInIndex = 0; path = "ahoogen-firebase.app"; sourceTree = BUILT_PRODUCTS_DIR; };
		19754F5D1C7444E100AD1EE0 /* AppDelegate.swift */ = {isa = PBXFileReference; lastKnownFileType = sourcecode.swift; path = AppDelegate.swift; sourceTree = "<group>"; };
		19754F5F1C7444E100AD1EE0 /* ViewController.swift */ = {isa = PBXFileReference; lastKnownFileType = sourcecode.swift; path = ViewController.swift; sourceTree = "<group>"; };
		19754F621C7444E100AD1EE0 /* Base */ = {isa = PBXFileReference; lastKnownFileType = file.storyboard; name = Base; path = Base.lproj/Main.storyboard; sourceTree = "<group>"; };
		19754F641C7444E100AD1EE0 /* Assets.xcassets */ = {isa = PBXFileReference; lastKnownFileType = folder.assetcatalog; path = Assets.xcassets; sourceTree = "<group>"; };
		19754F671C7444E100AD1EE0 /* Base */ = {isa = PBXFileReference; lastKnownFileType = file.storyboard; name = Base; path = Base.lproj/LaunchScreen.storyboard; sourceTree = "<group>"; };
		19754F691C7444E100AD1EE0 /* Info.plist */ = {isa = PBXFileReference; lastKnownFileType = text.plist.xml; path = Info.plist; sourceTree = "<group>"; };
/* End PBXFileReference section */

/* Begin PBXFrameworksBuildPhase section */
		19754F571C7444E100AD1EE0 /* Frameworks */ = {
			isa = PBXFrameworksBuildPhase;
			buildActionMask = 2147483647;
			files = (
			);
			runOnlyForDeploymentPostprocessing = 0;
		};
/* End PBXFrameworksBuildPhase section */

/* Begin PBXGroup section */
		19754F511C7444E100AD1EE0 = {
			isa = PBXGroup;
			children = (
				19754F5C1C7444E100AD1EE0 /* ahoogen-firebase */,
				19754F5B1C7444E100AD1EE0 /* Products */,
			);
			sourceTree = "<group>";
		};
		19754F5B1C7444E100AD1EE0 /* Products */ = {
			isa = PBXGroup;
			children = (
				19754F5A1C7444E100AD1EE0 /* ahoogen-firebase.app */,
			);
			name = Products;
			sourceTree = "<group>";
		};
		19754F5C1C7444E100AD1EE0 /* ahoogen-firebase */ = {
			isa = PBXGroup;
			children = (
				19754F5D1C7444E100AD1EE0 /* AppDelegate.swift */,
				19754F5F1C7444E100AD1EE0 /* ViewController.swift */,
				19754F611C7444E100AD1EE0 /* Main.storyboard */,
				19754F641C7444E100AD1EE0 /* Assets.xcassets */,
				19754F661C7444E100AD1EE0 /* LaunchScreen.storyboard */,
				19754F691C7444E100AD1EE0 /* Info.plist */,
			);
			path = "ahoogen-firebase";
			sourceTree = "<group>";
		};
/* End PBXGroup section */

/* Begin PBXNativeTarget section */
		19754F591C7444E100AD1EE0 /* ahoogen-firebase */ = {
			isa = PBXNativeTarget;
			buildConfigurationList = 19754F6C1C7444E100AD1EE0 /* Build configuration list for PBXNativeTarget "ahoogen-firebase" */;
			buildPhases = (
				19754F561C7444E100AD1EE0 /* Sources */,
				19754F571C7444E100AD1EE0 /* Frameworks */,
				19754F581C7444E100AD1EE0 /* Resources */,
			);
			buildRules = (
			);
			dependencies = (
			);
			name = "ahoogen-firebase";
			productName = "ahoogen-firebase";
			productReference = 19754F5A1C7444E100AD1EE0 /* ahoogen-firebase.app */;
			productType = "com.apple.product-type.application";
		};
/* End PBXNativeTarget section */

/* Begin PBXProject section */
		19754F521C7444E100AD1EE0 /* Project object */ = {
			isa = PBXProject;
			attributes = {
				LastSwiftUpdateCheck = 0720;
				LastUpgradeCheck = 0720;
				ORGANIZATIONNAME = "Austen Hoogen";
				TargetAttributes = {
					19754F591C7444E100AD1EE0 = {
						CreatedOnToolsVersion = 7.2.1;
					};
				};
			};
			buildConfigurationList = 19754F551C7444E100AD1EE0 /* Build configuration list for PBXProject "ahoogen-firebase" */;
			compatibilityVersion = "Xcode 3.2";
			developmentRegion = English;
			hasScannedForEncodings = 0;
			knownRegions = (
				en,
				Base,
			);
			mainGroup = 19754F511C7444E100AD1EE0;
			productRefGroup = 19754F5B1C7444E100AD1EE0 /* Products */;
			projectDirPath = "";
			projectRoot = "";
			targets = (
				19754F591C7444E100AD1EE0 /* ahoogen-firebase */,
			);
		};
/* End PBXProject section */

/* Begin PBXResourcesBuildPhase section */
		19754F581C7444E100AD1EE0 /* Resources */ = {
			isa = PBXResourcesBuildPhase;
			buildActionMask = 2147483647;
			files = (
				19754F681C7444E100AD1EE0 /* LaunchScreen.storyboard in Resources */,
				19754F651C7444E100AD1EE0 /* Assets.xcassets in Resources */,
				19754F631C7444E100AD1EE0 /* Main.storyboard in Resources */,
			);
			runOnlyForDeploymentPostprocessing = 0;
		};
/* End PBXResourcesBuildPhase section */

/* Begin PBXSourcesBuildPhase section */
		19754F561C7444E100AD1EE0 /* Sources */ = {
			isa = PBXSourcesBuildPhase;
			buildActionMask = 2147483647;
			files = (
				19754F601C7444E100AD1EE0 /* ViewController.swift in Sources */,
				19754F5E1C7444E100AD1EE0 /* AppDelegate.swift in Sources */,
			);
			runOnlyForDeploymentPostprocessing = 0;
		};
/* End PBXSourcesBuildPhase section */

/* Begin PBXVariantGroup section */
		19754F611C7444E100AD1EE0 /* Main.storyboard */ = {
			isa = PBXVariantGroup;
			children = (
				19754F621C7444E100AD1EE0 /* Base */,
			);
			name = Main.storyboard;
			sourceTree = "<group>";
		};
		19754F661C7444E100AD1EE0 /* LaunchScreen.storyboard */ = {
			isa = PBXVariantGroup;
			children = (
				19754F671C7444E100AD1EE0 /* Base */,
			);
			name = LaunchScreen.storyboard;
			sourceTree = "<group>";
		};
/* End PBXVariantGroup section */

/* Begin XCBuildConfiguration section */
		19754F6A1C7444E100AD1EE0 /* Debug */ = {
			isa = XCBuildConfiguration;
			buildSettings = {
				ALWAYS_SEARCH_USER_PATHS = NO;
				CLANG_CXX_LANGUAGE_STANDARD = "gnu++0x";
				CLANG_CXX_LIBRARY = "libc++";
				CLANG_ENABLE_MODULES = YES;
				CLANG_ENABLE_OBJC_ARC = YES;
				CLANG_WARN_BOOL_CONVERSION = YES;
				CLANG_WARN_CONSTANT_CONVERSION = YES;
				CLANG_WARN_DIRECT_OBJC_ISA_USAGE = YES_ERROR;
				CLANG_WARN_EMPTY_BODY = YES;
				CLANG_WARN_ENUM_CONVERSION = YES;
				CLANG_WARN_INT_CONVERSION = YES;
				CLANG_WARN_OBJC_ROOT_CLASS = YES_ERROR;
				CLANG_WARN_UNREACHABLE_CODE = YES;
				CLANG_WARN__DUPLICATE_METHOD_MATCH = YES;
				"CODE_SIGN_IDENTITY[sdk=iphoneos*]" = "iPhone Developer";
				COPY_PHASE_STRIP = NO;
				DEBUG_INFORMATION_FORMAT = dwarf;
				ENABLE_STRICT_OBJC_MSGSEND = YES;
				ENABLE_TESTABILITY = YES;
				GCC_C_LANGUAGE_STANDARD = gnu99;
				GCC_DYNAMIC_NO_PIC = NO;
				GCC_NO_COMMON_BLOCKS = YES;
				GCC_OPTIMIZATION_LEVEL = 0;
				GCC_PREPROCESSOR_DEFINITIONS = (
					"DEBUG=1",
					"$(inherited)",
				);
				GCC_WARN_64_TO_32_BIT_CONVERSION = YES;
				GCC_WARN_ABOUT_RETURN_TYPE = YES_ERROR;
				GCC_WARN_UNDECLARED_SELECTOR = YES;
				GCC_WARN_UNINITIALIZED_AUTOS = YES_AGGRESSIVE;
				GCC_WARN_UNUSED_FUNCTION = YES;
				GCC_WARN_UNUSED_VARIABLE = YES;
				IPHONEOS_DEPLOYMENT_TARGET = 9.2;
				MTL_ENABLE_DEBUG_INFO = YES;
				ONLY_ACTIVE_ARCH = YES;
				SDKROOT = iphoneos;
				SWIFT_OPTIMIZATION_LEVEL = "-Onone";
				TARGETED_DEVICE_FAMILY = "1,2";
			};
			name = Debug;
		};
		19754F6B1C7444E100AD1EE0 /* Release */ = {
			isa = XCBuildConfiguration;
			buildSettings = {
				ALWAYS_SEARCH_USER_PATHS = NO;
				CLANG_CXX_LANGUAGE_STANDARD = "gnu++0x";
				CLANG_CXX_LIBRARY = "libc++";
				CLANG_ENABLE_MODULES = YES;
				CLANG_ENABLE_OBJC_ARC = YES;
				CLANG_WARN_BOOL_CONVERSION = YES;
				CLANG_WARN_CONSTANT_CONVERSION = YES;
				CLANG_WARN_DIRECT_OBJC_ISA_USAGE = YES_ERROR;
				CLANG_WARN_EMPTY_BODY = YES;
				CLANG_WARN_ENUM_CONVERSION = YES;
				CLANG_WARN_INT_CONVERSION = YES;
				CLANG_WARN_OBJC_ROOT_CLASS = YES_ERROR;
				CLANG_WARN_UNREACHABLE_CODE = YES;
				CLANG_WARN__DUPLICATE_METHOD_MATCH = YES;
				"CODE_SIGN_IDENTITY[sdk=iphoneos*]" = "iPhone Developer";
				COPY_PHASE_STRIP = NO;
				DEBUG_INFORMATION_FORMAT = "dwarf-with-dsym";
				ENABLE_NS_ASSERTIONS = NO;
				ENABLE_STRICT_OBJC_MSGSEND = YES;
				GCC_C_LANGUAGE_STANDARD = gnu99;
				GCC_NO_COMMON_BLOCKS = YES;
				GCC_WARN_64_TO_32_BIT_CONVERSION = YES;
				GCC_WARN_ABOUT_RETURN_TYPE = YES_ERROR;
				GCC_WARN_UNDECLARED_SELECTOR = YES;
				GCC_WARN_UNINITIALIZED_AUTOS = YES_AGGRESSIVE;
				GCC_WARN_UNUSED_FUNCTION = YES;
				GCC_WARN_UNUSED_VARIABLE = YES;
				IPHONEOS_DEPLOYMENT_TARGET = 9.2;
				MTL_ENABLE_DEBUG_INFO = NO;
				SDKROOT = iphoneos;
				TARGETED_DEVICE_FAMILY = "1,2";
				VALIDATE_PRODUCT = YES;
			};
			name = Release;
		};
		19754F6D1C7444E100AD1EE0 /* Debug */ = {
			isa = XCBuildConfiguration;
			buildSettings = {
				ASSETCATALOG_COMPILER_APPICON_NAME = AppIcon;
				INFOPLIST_FILE = "ahoogen-firebase/Info.plist";
				LD_RUNPATH_SEARCH_PATHS = "$(inherited) @executable_path/Frameworks";
				PRODUCT_BUNDLE_IDENTIFIER = "com.therombrewing.ahoogen-firebase";
				PRODUCT_NAME = "$(TARGET_NAME)";
			};
			name = Debug;
		};
		19754F6E1C7444E100AD1EE0 /* Release */ = {
			isa = XCBuildConfiguration;
			buildSettings = {
				ASSETCATALOG_COMPILER_APPICON_NAME = AppIcon;
				INFOPLIST_FILE = "ahoogen-firebase/Info.plist";
				LD_RUNPATH_SEARCH_PATHS = "$(inherited) @executable_path/Frameworks";
				PRODUCT_BUNDLE_IDENTIFIER = "com.therombrewing.ahoogen-firebase";
				PRODUCT_NAME = "$(TARGET_NAME)";
			};
			name = Release;
		};
/* End XCBuildConfiguration section */

/* Begin XCConfigurationList section */
		19754F551C7444E100AD1EE0 /* Build configuration list for PBXProject "ahoogen-firebase" */ = {
			isa = XCConfigurationList;
			buildConfigurations = (
				19754F6A1C7444E100AD1EE0 /* Debug */,
				19754F6B1C7444E100AD1EE0 /* Release */,
			);
			defaultConfigurationIsVisible = 0;
			defaultConfigurationName = Release;
		};
		19754F6C1C7444E100AD1EE0 /* Build configuration list for PBXNativeTarget "ahoogen-firebase" */ = {
			isa = XCConfigurationList;
			buildConfigurations = (
				19754F6D1C7444E100AD1EE0 /* Debug */,
				19754F6E1C7444E100AD1EE0 /* Release */,
			);
			defaultConfigurationIsVisible = 0;
		};
/* End XCConfigurationList section */
	};
	rootObject = 19754F521C7444E100AD1EE0 /* Project object */;
}
